// !$*UTF8*$!
{
	archiveVersion = 1;
	classes = {
	};
	objectVersion = 46;
	objects = {

/* Begin PBXBuildFile section */
		FF8DBEB41BB4FF4200A78B92 /* main.m in Sources */ = {isa = PBXBuildFile; fileRef = FF8DBEB31BB4FF4200A78B92 /* main.m */; };
		FF8DBEB71BB4FF4200A78B92 /* AppDelegate.m in Sources */ = {isa = PBXBuildFile; fileRef = FF8DBEB61BB4FF4200A78B92 /* AppDelegate.m */; };
		FF8DBEBA1BB4FF4200A78B92 /* ViewController.m in Sources */ = {isa = PBXBuildFile; fileRef = FF8DBEB91BB4FF4200A78B92 /* ViewController.m */; };
		FF8DBEBD1BB4FF4200A78B92 /* Main.storyboard in Resources */ = {isa = PBXBuildFile; fileRef = FF8DBEBB1BB4FF4200A78B92 /* Main.storyboard */; };
		FF8DBEBF1BB4FF4200A78B92 /* Images.xcassets in Resources */ = {isa = PBXBuildFile; fileRef = FF8DBEBE1BB4FF4200A78B92 /* Images.xcassets */; };
		FF8DBEC21BB4FF4200A78B92 /* LaunchScreen.xib in Resources */ = {isa = PBXBuildFile; fileRef = FF8DBEC01BB4FF4200A78B92 /* LaunchScreen.xib */; };
		FF8DBECE1BB4FF4200A78B92 /* MAPUSINGMAPKITTests.m in Sources */ = {isa = PBXBuildFile; fileRef = FF8DBECD1BB4FF4200A78B92 /* MAPUSINGMAPKITTests.m */; };
/* End PBXBuildFile section */

/* Begin PBXContainerItemProxy section */
		FF8DBEC81BB4FF4200A78B92 /* PBXContainerItemProxy */ = {
			isa = PBXContainerItemProxy;
			containerPortal = FF8DBEA61BB4FF4200A78B92 /* Project object */;
			proxyType = 1;
			remoteGlobalIDString = FF8DBEAD1BB4FF4200A78B92;
			remoteInfo = MAPUSINGMAPKIT;
		};
/* End PBXContainerItemProxy section */

/* Begin PBXFileReference section */
		FF8DBEAE1BB4FF4200A78B92 /* MAPUSINGMAPKIT.app */ = {isa = PBXFileReference; explicitFileType = wrapper.application; includeInIndex = 0; path = MAPUSINGMAPKIT.app; sourceTree = BUILT_PRODUCTS_DIR; };
		FF8DBEB21BB4FF4200A78B92 /* Info.plist */ = {isa = PBXFileReference; lastKnownFileType = text.plist.xml; path = Info.plist; sourceTree = "<group>"; };
		FF8DBEB31BB4FF4200A78B92 /* main.m */ = {isa = PBXFileReference; lastKnownFileType = sourcecode.c.objc; path = main.m; sourceTree = "<group>"; };
		FF8DBEB51BB4FF4200A78B92 /* AppDelegate.h */ = {isa = PBXFileReference; lastKnownFileType = sourcecode.c.h; path = AppDelegate.h; sourceTree = "<group>"; };
		FF8DBEB61BB4FF4200A78B92 /* AppDelegate.m */ = {isa = PBXFileReference; lastKnownFileType = sourcecode.c.objc; path = AppDelegate.m; sourceTree = "<group>"; };
		FF8DBEB81BB4FF4200A78B92 /* ViewController.h */ = {isa = PBXFileReference; lastKnownFileType = sourcecode.c.h; path = ViewController.h; sourceTree = "<group>"; };
		FF8DBEB91BB4FF4200A78B92 /* ViewController.m */ = {isa = PBXFileReference; lastKnownFileType = sourcecode.c.objc; path = ViewController.m; sourceTree = "<group>"; };
		FF8DBEBC1BB4FF4200A78B92 /* Base */ = {isa = PBXFileReference; lastKnownFileType = file.storyboard; name = Base; path = Base.lproj/Main.storyboard; sourceTree = "<group>"; };
		FF8DBEBE1BB4FF4200A78B92 /* Images.xcassets */ = {isa = PBXFileReference; lastKnownFileType = folder.assetcatalog; path = Images.xcassets; sourceTree = "<group>"; };
		FF8DBEC11BB4FF4200A78B92 /* Base */ = {isa = PBXFileReference; lastKnownFileType = file.xib; name = Base; path = Base.lproj/LaunchScreen.xib; sourceTree = "<group>"; };
		FF8DBEC71BB4FF4200A78B92 /* MAPUSINGMAPKITTests.xctest */ = {isa = PBXFileReference; explicitFileType = wrapper.cfbundle; includeInIndex = 0; path = MAPUSINGMAPKITTests.xctest; sourceTree = BUILT_PRODUCTS_DIR; };
		FF8DBECC1BB4FF4200A78B92 /* Info.plist */ = {isa = PBXFileReference; lastKnownFileType = text.plist.xml; path = Info.plist; sourceTree = "<group>"; };
		FF8DBECD1BB4FF4200A78B92 /* MAPUSINGMAPKITTests.m */ = {isa = PBXFileReference; lastKnownFileType = sourcecode.c.objc; path = MAPUSINGMAPKITTests.m; sourceTree = "<group>"; };
/* End PBXFileReference section */

/* Begin PBXFrameworksBuildPhase section */
		FF8DBEAB1BB4FF4200A78B92 /* Frameworks */ = {
			isa = PBXFrameworksBuildPhase;
			buildActionMask = 2147483647;
			files = (
			);
			runOnlyForDeploymentPostprocessing = 0;
		};
		FF8DBEC41BB4FF4200A78B92 /* Frameworks */ = {
			isa = PBXFrameworksBuildPhase;
			buildActionMask = 2147483647;
			files = (
			);
			runOnlyForDeploymentPostprocessing = 0;
		};
/* End PBXFrameworksBuildPhase section */

/* Begin PBXGroup section */
		FF8DBEA51BB4FF4200A78B92 = {
			isa = PBXGroup;
			children = (
				FF8DBEB01BB4FF4200A78B92 /* MAPUSINGMAPKIT */,
				FF8DBECA1BB4FF4200A78B92 /* MAPUSINGMAPKITTests */,
				FF8DBEAF1BB4FF4200A78B92 /* Products */,
			);
			sourceTree = "<group>";
		};
		FF8DBEAF1BB4FF4200A78B92 /* Products */ = {
			isa = PBXGroup;
			children = (
				FF8DBEAE1BB4FF4200A78B92 /* MAPUSINGMAPKIT.app */,
				FF8DBEC71BB4FF4200A78B92 /* MAPUSINGMAPKITTests.xctest */,
			);
			name = Products;
			sourceTree = "<group>";
		};
		FF8DBEB01BB4FF4200A78B92 /* MAPUSINGMAPKIT */ = {
			isa = PBXGroup;
			children = (
				FF8DBEB51BB4FF4200A78B92 /* AppDelegate.h */,
				FF8DBEB61BB4FF4200A78B92 /* AppDelegate.m */,
				FF8DBEB81BB4FF4200A78B92 /* ViewController.h */,
				FF8DBEB91BB4FF4200A78B92 /* ViewController.m */,
				FF8DBEBB1BB4FF4200A78B92 /* Main.storyboard */,
				FF8DBEBE1BB4FF4200A78B92 /* Images.xcassets */,
				FF8DBEC01BB4FF4200A78B92 /* LaunchScreen.xib */,
				FF8DBEB11BB4FF4200A78B92 /* Supporting Files */,
			);
			path = MAPUSINGMAPKIT;
			sourceTree = "<group>";
		};
		FF8DBEB11BB4FF4200A78B92 /* Supporting Files */ = {
			isa = PBXGroup;
			children = (
				FF8DBEB21BB4FF4200A78B92 /* Info.plist */,
				FF8DBEB31BB4FF4200A78B92 /* main.m */,
			);
			name = "Supporting Files";
			sourceTree = "<group>";
		};
		FF8DBECA1BB4FF4200A78B92 /* MAPUSINGMAPKITTests */ = {
			isa = PBXGroup;
			children = (
				FF8DBECD1BB4FF4200A78B92 /* MAPUSINGMAPKITTests.m */,
				FF8DBECB1BB4FF4200A78B92 /* Supporting Files */,
			);
			path = MAPUSINGMAPKITTests;
			sourceTree = "<group>";
		};
		FF8DBECB1BB4FF4200A78B92 /* Supporting Files */ = {
			isa = PBXGroup;
			children = (
				FF8DBECC1BB4FF4200A78B92 /* Info.plist */,
			);
			name = "Supporting Files";
			sourceTree = "<group>";
		};
/* End PBXGroup section */

/* Begin PBXNativeTarget section */
		FF8DBEAD1BB4FF4200A78B92 /* MAPUSINGMAPKIT */ = {
			isa = PBXNativeTarget;
			buildConfigurationList = FF8DBED11BB4FF4200A78B92 /* Build configuration list for PBXNativeTarget "MAPUSINGMAPKIT" */;
			buildPhases = (
				FF8DBEAA1BB4FF4200A78B92 /* Sources */,
				FF8DBEAB1BB4FF4200A78B92 /* Frameworks */,
				FF8DBEAC1BB4FF4200A78B92 /* Resources */,
			);
			buildRules = (
			);
			dependencies = (
			);
			name = MAPUSINGMAPKIT;
			productName = MAPUSINGMAPKIT;
			productReference = FF8DBEAE1BB4FF4200A78B92 /* MAPUSINGMAPKIT.app */;
			productType = "com.apple.product-type.application";
		};
		FF8DBEC61BB4FF4200A78B92 /* MAPUSINGMAPKITTests */ = {
			isa = PBXNativeTarget;
			buildConfigurationList = FF8DBED41BB4FF4200A78B92 /* Build configuration list for PBXNativeTarget "MAPUSINGMAPKITTests" */;
			buildPhases = (
				FF8DBEC31BB4FF4200A78B92 /* Sources */,
				FF8DBEC41BB4FF4200A78B92 /* Frameworks */,
				FF8DBEC51BB4FF4200A78B92 /* Resources */,
			);
			buildRules = (
			);
			dependencies = (
				FF8DBEC91BB4FF4200A78B92 /* PBXTargetDependency */,
			);
			name = MAPUSINGMAPKITTests;
			productName = MAPUSINGMAPKITTests;
			productReference = FF8DBEC71BB4FF4200A78B92 /* MAPUSINGMAPKITTests.xctest */;
			productType = "com.apple.product-type.bundle.unit-test";
		};
/* End PBXNativeTarget section */

/* Begin PBXProject section */
		FF8DBEA61BB4FF4200A78B92 /* Project object */ = {
			isa = PBXProject;
			attributes = {
				LastUpgradeCheck = 0640;
				ORGANIZATIONNAME = Divyesh;
				TargetAttributes = {
					FF8DBEAD1BB4FF4200A78B92 = {
						CreatedOnToolsVersion = 6.4;
					};
					FF8DBEC61BB4FF4200A78B92 = {
						CreatedOnToolsVersion = 6.4;
						TestTargetID = FF8DBEAD1BB4FF4200A78B92;
					};
				};
			};
			buildConfigurationList = FF8DBEA91BB4FF4200A78B92 /* Build configuration list for PBXProject "MAPUSINGMAPKIT" */;
			compatibilityVersion = "Xcode 3.2";
			developmentRegion = English;
			hasScannedForEncodings = 0;
			knownRegions = (
				en,
				Base,
			);
			mainGroup = FF8DBEA51BB4FF4200A78B92;
			productRefGroup = FF8DBEAF1BB4FF4200A78B92 /* Products */;
			projectDirPath = "";
			projectRoot = "";
			targets = (
				FF8DBEAD1BB4FF4200A78B92 /* MAPUSINGMAPKIT */,
				FF8DBEC61BB4FF4200A78B92 /* MAPUSINGMAPKITTests */,
			);
		};
/* End PBXProject section */

/* Begin PBXResourcesBuildPhase section */
		FF8DBEAC1BB4FF4200A78B92 /* Resources */ = {
			isa = PBXResourcesBuildPhase;
			buildActionMask = 2147483647;
			files = (
				FF8DBEBD1BB4FF4200A78B92 /* Main.storyboard in Resources */,
				FF8DBEC21BB4FF4200A78B92 /* LaunchScreen.xib in Resources */,
				FF8DBEBF1BB4FF4200A78B92 /* Images.xcassets in Resources */,
			);
			runOnlyForDeploymentPostprocessing = 0;
		};
		FF8DBEC51BB4FF4200A78B92 /* Resources */ = {
			isa = PBXResourcesBuildPhase;
			buildActionMask = 2147483647;
			files = (
			);
			runOnlyForDeploymentPostprocessing = 0;
		};
/* End PBXResourcesBuildPhase section */

/* Begin PBXSourcesBuildPhase section */
		FF8DBEAA1BB4FF4200A78B92 /* Sources */ = {
			isa = PBXSourcesBuildPhase;
			buildActionMask = 2147483647;
			files = (
				FF8DBEBA1BB4FF4200A78B92 /* ViewController.m in Sources */,
				FF8DBEB71BB4FF4200A78B92 /* AppDelegate.m in Sources */,
				FF8DBEB41BB4FF4200A78B92 /* main.m in Sources */,
			);
			runOnlyForDeploymentPostprocessing = 0;
		};
		FF8DBEC31BB4FF4200A78B92 /* Sources */ = {
			isa = PBXSourcesBuildPhase;
			buildActionMask = 2147483647;
			files = (
				FF8DBECE1BB4FF4200A78B92 /* MAPUSINGMAPKITTests.m in Sources */,
			);
			runOnlyForDeploymentPostprocessing = 0;
		};
/* End PBXSourcesBuildPhase section */

/* Begin PBXTargetDependency section */
		FF8DBEC91BB4FF4200A78B92 /* PBXTargetDependency */ = {
			isa = PBXTargetDependency;
			target = FF8DBEAD1BB4FF4200A78B92 /* MAPUSINGMAPKIT */;
			targetProxy = FF8DBEC81BB4FF4200A78B92 /* PBXContainerItemProxy */;
		};
/* End PBXTargetDependency section */

/* Begin PBXVariantGroup section */
		FF8DBEBB1BB4FF4200A78B92 /* Main.storyboard */ = {
			isa = PBXVariantGroup;
			children = (
				FF8DBEBC1BB4FF4200A78B92 /* Base */,
			);
			name = Main.storyboard;
			sourceTree = "<group>";
		};
		FF8DBEC01BB4FF4200A78B92 /* LaunchScreen.xib */ = {
			isa = PBXVariantGroup;
			children = (
				FF8DBEC11BB4FF4200A78B92 /* Base */,
			);
			name = LaunchScreen.xib;
			sourceTree = "<group>";
		};
/* End PBXVariantGroup section */

/* Begin XCBuildConfiguration section */
		FF8DBECF1BB4FF4200A78B92 /* Debug */ = {
			isa = XCBuildConfiguration;
			buildSettings = {
				ALWAYS_SEARCH_USER_PATHS = NO;
				CLANG_CXX_LANGUAGE_STANDARD = "gnu++0x";
				CLANG_CXX_LIBRARY = "libc++";
				CLANG_ENABLE_MODULES = YES;
				CLANG_ENABLE_OBJC_ARC = YES;
				CLANG_WARN_BOOL_CONVERSION = YES;
				CLANG_WARN_CONSTANT_CONVERSION = YES;
				CLANG_WARN_DIRECT_OBJC_ISA_USAGE = YES_ERROR;
				CLANG_WARN_EMPTY_BODY = YES;
				CLANG_WARN_ENUM_CONVERSION = YES;
				CLANG_WARN_INT_CONVERSION = YES;
				CLANG_WARN_OBJC_ROOT_CLASS = YES_ERROR;
				CLANG_WARN_UNREACHABLE_CODE = YES;
				CLANG_WARN__DUPLICATE_METHOD_MATCH = YES;
				"CODE_SIGN_IDENTITY[sdk=iphoneos*]" = "iPhone Developer";
				COPY_PHASE_STRIP = NO;
				DEBUG_INFORMATION_FORMAT = "dwarf-with-dsym";
				ENABLE_STRICT_OBJC_MSGSEND = YES;
				GCC_C_LANGUAGE_STANDARD = gnu99;
				GCC_DYNAMIC_NO_PIC = NO;
				GCC_NO_COMMON_BLOCKS = YES;
				GCC_OPTIMIZATION_LEVEL = 0;
				GCC_PREPROCESSOR_DEFINITIONS = (
					"DEBUG=1",
					"$(inherited)",
				);
				GCC_SYMBOLS_PRIVATE_EXTERN = NO;
				GCC_WARN_64_TO_32_BIT_CONVERSION = YES;
				GCC_WARN_ABOUT_RETURN_TYPE = YES_ERROR;
				GCC_WARN_UNDECLARED_SELECTOR = YES;
				GCC_WARN_UNINITIALIZED_AUTOS = YES_AGGRESSIVE;
				GCC_WARN_UNUSED_FUNCTION = YES;
				GCC_WARN_UNUSED_VARIABLE = YES;
				IPHONEOS_DEPLOYMENT_TARGET = 8.4;
				MTL_ENABLE_DEBUG_INFO = YES;
				ONLY_ACTIVE_ARCH = YES;
				SDKROOT = iphoneos;
				TARGETED_DEVICE_FAMILY = "1,2";
			};
			name = Debug;
		};
		FF8DBED01BB4FF4200A78B92 /* Release */ = {
			isa = XCBuildConfiguration;
			buildSettings = {
				ALWAYS_SEARCH_USER_PATHS = NO;
				CLANG_CXX_LANGUAGE_STANDARD = "gnu++0x";
				CLANG_CXX_LIBRARY = "libc++";
				CLANG_ENABLE_MODULES = YES;
				CLANG_ENABLE_OBJC_ARC = YES;
				CLANG_WARN_BOOL_CONVERSION = YES;
				CLANG_WARN_CONSTANT_CONVERSION = YES;
				CLANG_WARN_DIRECT_OBJC_ISA_USAGE = YES_ERROR;
				CLANG_WARN_EMPTY_BODY = YES;
				CLANG_WARN_ENUM_CONVERSION = YES;
				CLANG_WARN_INT_CONVERSION = YES;
				CLANG_WARN_OBJC_ROOT_CLASS = YES_ERROR;
				CLANG_WARN_UNREACHABLE_CODE = YES;
				CLANG_WARN__DUPLICATE_METHOD_MATCH = YES;
				"CODE_SIGN_IDENTITY[sdk=iphoneos*]" = "iPhone Developer";
				COPY_PHASE_STRIP = NO;
				DEBUG_INFORMATION_FORMAT = "dwarf-with-dsym";
				ENABLE_NS_ASSERTIONS = NO;
				ENABLE_STRICT_OBJC_MSGSEND = YES;
				GCC_C_LANGUAGE_STANDARD = gnu99;
				GCC_NO_COMMON_BLOCKS = YES;
				GCC_WARN_64_TO_32_BIT_CONVERSION = YES;
				GCC_WARN_ABOUT_RETURN_TYPE = YES_ERROR;
				GCC_WARN_UNDECLARED_SELECTOR = YES;
				GCC_WARN_UNINITIALIZED_AUTOS = YES_AGGRESSIVE;
				GCC_WARN_UNUSED_FUNCTION = YES;
				GCC_WARN_UNUSED_VARIABLE = YES;
				IPHONEOS_DEPLOYMENT_TARGET = 8.4;
				MTL_ENABLE_DEBUG_INFO = NO;
				SDKROOT = iphoneos;
				TARGETED_DEVICE_FAMILY = "1,2";
				VALIDATE_PRODUCT = YES;
			};
			name = Release;
		};
		FF8DBED21BB4FF4200A78B92 /* Debug */ = {
			isa = XCBuildConfiguration;
			buildSettings = {
				ASSETCATALOG_COMPILER_APPICON_NAME = AppIcon;
				INFOPLIST_FILE = MAPUSINGMAPKIT/Info.plist;
				LD_RUNPATH_SEARCH_PATHS = "$(inherited) @executable_path/Frameworks";
				PRODUCT_NAME = "$(TARGET_NAME)";
			};
			name = Debug;
		};
		FF8DBED31BB4FF4200A78B92 /* Release */ = {
			isa = XCBuildConfiguration;
			buildSettings = {
				ASSETCATALOG_COMPILER_APPICON_NAME = AppIcon;
				INFOPLIST_FILE = MAPUSINGMAPKIT/Info.plist;
				LD_RUNPATH_SEARCH_PATHS = "$(inherited) @executable_path/Frameworks";
				PRODUCT_NAME = "$(TARGET_NAME)";
			};
			name = Release;
		};
		FF8DBED51BB4FF4200A78B92 /* Debug */ = {
			isa = XCBuildConfiguration;
			buildSettings = {
				BUNDLE_LOADER = "$(TEST_HOST)";
				FRAMEWORK_SEARCH_PATHS = (
					"$(SDKROOT)/Developer/Library/Frameworks",
					"$(inherited)",
				);
				GCC_PREPROCESSOR_DEFINITIONS = (
					"DEBUG=1",
					"$(inherited)",
				);
				INFOPLIST_FILE = MAPUSINGMAPKITTests/Info.plist;
				LD_RUNPATH_SEARCH_PATHS = "$(inherited) @executable_path/Frameworks @loader_path/Frameworks";
				PRODUCT_NAME = "$(TARGET_NAME)";
				TEST_HOST = "$(BUILT_PRODUCTS_DIR)/MAPUSINGMAPKIT.app/MAPUSINGMAPKIT";
			};
			name = Debug;
		};
		FF8DBED61BB4FF4200A78B92 /* Release */ = {
			isa = XCBuildConfiguration;
			buildSettings = {
				BUNDLE_LOADER = "$(TEST_HOST)";
				FRAMEWORK_SEARCH_PATHS = (
					"$(SDKROOT)/Developer/Library/Frameworks",
					"$(inherited)",
				);
				INFOPLIST_FILE = MAPUSINGMAPKITTests/Info.plist;
				LD_RUNPATH_SEARCH_PATHS = "$(inherited) @executable_path/Frameworks @loader_path/Frameworks";
				PRODUCT_NAME = "$(TARGET_NAME)";
				TEST_HOST = "$(BUILT_PRODUCTS_DIR)/MAPUSINGMAPKIT.app/MAPUSINGMAPKIT";
			};
			name = Release;
		};
/* End XCBuildConfiguration section */

/* Begin XCConfigurationList section */
		FF8DBEA91BB4FF4200A78B92 /* Build configuration list for PBXProject "MAPUSINGMAPKIT" */ = {
			isa = XCConfigurationList;
			buildConfigurations = (
				FF8DBECF1BB4FF4200A78B92 /* Debug */,
				FF8DBED01BB4FF4200A78B92 /* Release */,
			);
			defaultConfigurationIsVisible = 0;
			defaultConfigurationName = Release;
		};
		FF8DBED11BB4FF4200A78B92 /* Build configuration list for PBXNativeTarget "MAPUSINGMAPKIT" */ = {
			isa = XCConfigurationList;
			buildConfigurations = (
				FF8DBED21BB4FF4200A78B92 /* Debug */,
				FF8DBED31BB4FF4200A78B92 /* Release */,
			);
			defaultConfigurationIsVisible = 0;
		};
		FF8DBED41BB4FF4200A78B92 /* Build configuration list for PBXNativeTarget "MAPUSINGMAPKITTests" */ = {
			isa = XCConfigurationList;
			buildConfigurations = (
				FF8DBED51BB4FF4200A78B92 /* Debug */,
				FF8DBED61BB4FF4200A78B92 /* Release */,
			);
			defaultConfigurationIsVisible = 0;
		};
/* End XCConfigurationList section */
	};
	rootObject = FF8DBEA61BB4FF4200A78B92 /* Project object */;
}
